{
  "name": "cakephp-skeleton-page-js",
  "version": "0.0.1",
  "lockfileVersion": 1,
  "requires": true,
  "dependencies": {
    "@infotechnohelp/carousel": {
      "version": "0.0.1",
      "resolved": "https://registry.npmjs.org/@infotechnohelp/carousel/-/carousel-0.0.1.tgz",
      "integrity": "sha512-7yBJkz9FQyfCQncQSvPYdHr93mhhTPoiyU1tY4gfmCVISm1f9uOpY9i0cd/wxs6c/31PrIWOaiAYIYyz5tMlLg=="
    },
    "rotate-icon": {
      "version": "1.0.3",
      "resolved": "https://registry.npmjs.org/rotate-icon/-/rotate-icon-1.0.3.tgz",
      "integrity": "sha1-nbdVNV9O6hHY3BsbLowqXiYTtVw="
    }
  }
}
